
Microsoft Visual Studio Solution File, Format Version 12.00
# Visual Studio Version 17
VisualStudioVersion = 17.5.33414.496
MinimumVisualStudioVersion = 10.0.40219.1
Project("{FAE04EC0-301F-11D3-BF4B-00C04F79EFBC}") = "FlatfileImport", "FlatfileImport\FlatfileImport.csproj", "{592DB026-68C5-433A-B56F-4054A89F978B}"
EndProject
Global
	GlobalSection(SolutionConfigurationPlatforms) = preSolution
		Debug|Any CPU = Debug|Any CPU
		Release|Any CPU = Release|Any CPU
	EndGlobalSection
	GlobalSection(ProjectConfigurationPlatforms) = postSolution
		{592DB026-68C5-433A-B56F-4054A89F978B}.Debug|Any CPU.ActiveCfg = Debug|Any CPU
		{592DB026-68C5-433A-B56F-4054A89F978B}.Debug|Any CPU.Build.0 = Debug|Any CPU
		{592DB026-68C5-433A-B56F-4054A89F978B}.Release|Any CPU.ActiveCfg = Release|Any CPU
		{592DB026-68C5-433A-B56F-4054A89F978B}.Release|Any CPU.Build.0 = Release|Any CPU
	EndGlobalSection
	GlobalSection(SolutionProperties) = preSolution
		HideSolutionNode = FALSE
	EndGlobalSection
	GlobalSection(ExtensibilityGlobals) = postSolution
		SolutionGuid = {4D8F4E4A-B942-4BDC-BE21-DCEE77E84211}
	EndGlobalSection
EndGlobal
